// !$*UTF8*$!
{
	archiveVersion = 1;
	classes = {
	};
	objectVersion = 50;
	objects = {

/* Begin PBXBuildFile section */
		8CDD632323C2236400C10C92 /* AppDelegate.swift in Sources */ = {isa = PBXBuildFile; fileRef = 8CDD632223C2236400C10C92 /* AppDelegate.swift */; };
		8CDD632523C2236400C10C92 /* SceneDelegate.swift in Sources */ = {isa = PBXBuildFile; fileRef = 8CDD632423C2236400C10C92 /* SceneDelegate.swift */; };
		8CDD632A23C2236400C10C92 /* Main.storyboard in Resources */ = {isa = PBXBuildFile; fileRef = 8CDD632823C2236400C10C92 /* Main.storyboard */; };
		8CDD632C23C2236800C10C92 /* Assets.xcassets in Resources */ = {isa = PBXBuildFile; fileRef = 8CDD632B23C2236800C10C92 /* Assets.xcassets */; };
		8CDD632F23C2236800C10C92 /* LaunchScreen.storyboard in Resources */ = {isa = PBXBuildFile; fileRef = 8CDD632D23C2236800C10C92 /* LaunchScreen.storyboard */; };
		8CDD635623C22BF200C10C92 /* ViewController.swift in Sources */ = {isa = PBXBuildFile; fileRef = 8CDD632623C2236400C10C92 /* ViewController.swift */; };
		8CDD636723C230F400C10C92 /* Util.framework in Frameworks */ = {isa = PBXBuildFile; fileRef = 8CDD636523C230CD00C10C92 /* Util.framework */; };
		8CDD636823C230F400C10C92 /* Util.framework in Embed Frameworks */ = {isa = PBXBuildFile; fileRef = 8CDD636523C230CD00C10C92 /* Util.framework */; settings = {ATTRIBUTES = (CodeSignOnCopy, RemoveHeadersOnCopy, ); }; };
/* End PBXBuildFile section */

/* Begin PBXCopyFilesBuildPhase section */
		8CDD635B23C22D0500C10C92 /* Embed Frameworks */ = {
			isa = PBXCopyFilesBuildPhase;
			buildActionMask = 2147483647;
			dstPath = "";
			dstSubfolderSpec = 10;
			files = (
				8CDD636823C230F400C10C92 /* Util.framework in Embed Frameworks */,
			);
			name = "Embed Frameworks";
			runOnlyForDeploymentPostprocessing = 0;
		};
/* End PBXCopyFilesBuildPhase section */

/* Begin PBXFileReference section */
		8CDD631F23C2236400C10C92 /* UtilApp.app */ = {isa = PBXFileReference; explicitFileType = wrapper.application; includeInIndex = 0; path = UtilApp.app; sourceTree = BUILT_PRODUCTS_DIR; };
		8CDD632223C2236400C10C92 /* AppDelegate.swift */ = {isa = PBXFileReference; lastKnownFileType = sourcecode.swift; path = AppDelegate.swift; sourceTree = "<group>"; };
		8CDD632423C2236400C10C92 /* SceneDelegate.swift */ = {isa = PBXFileReference; lastKnownFileType = sourcecode.swift; path = SceneDelegate.swift; sourceTree = "<group>"; };
		8CDD632623C2236400C10C92 /* ViewController.swift */ = {isa = PBXFileReference; lastKnownFileType = sourcecode.swift; path = ViewController.swift; sourceTree = "<group>"; };
		8CDD632923C2236400C10C92 /* Base */ = {isa = PBXFileReference; lastKnownFileType = file.storyboard; name = Base; path = Base.lproj/Main.storyboard; sourceTree = "<group>"; };
		8CDD632B23C2236800C10C92 /* Assets.xcassets */ = {isa = PBXFileReference; lastKnownFileType = folder.assetcatalog; path = Assets.xcassets; sourceTree = "<group>"; };
		8CDD632E23C2236800C10C92 /* Base */ = {isa = PBXFileReference; lastKnownFileType = file.storyboard; name = Base; path = Base.lproj/LaunchScreen.storyboard; sourceTree = "<group>"; };
		8CDD633023C2236800C10C92 /* Info.plist */ = {isa = PBXFileReference; lastKnownFileType = text.plist.xml; path = Info.plist; sourceTree = "<group>"; };
		8CDD636523C230CD00C10C92 /* Util.framework */ = {isa = PBXFileReference; lastKnownFileType = wrapper.framework; name = Util.framework; path = "../../../../../Library/Developer/Xcode/DerivedData/Util-btihcavaqqtbjpedilokjuazghea/Build/Products/Debug-iphonesimulator/Util.framework"; sourceTree = "<group>"; };
/* End PBXFileReference section */

/* Begin PBXFrameworksBuildPhase section */
		8CDD631C23C2236400C10C92 /* Frameworks */ = {
			isa = PBXFrameworksBuildPhase;
			buildActionMask = 2147483647;
			files = (
				8CDD636723C230F400C10C92 /* Util.framework in Frameworks */,
			);
			runOnlyForDeploymentPostprocessing = 0;
		};
/* End PBXFrameworksBuildPhase section */

/* Begin PBXGroup section */
		8CDD631623C2236400C10C92 = {
			isa = PBXGroup;
			children = (
				8CDD636523C230CD00C10C92 /* Util.framework */,
				8CDD632123C2236400C10C92 /* UtilApp */,
				8CDD632023C2236400C10C92 /* Products */,
			);
			sourceTree = "<group>";
		};
		8CDD632023C2236400C10C92 /* Products */ = {
			isa = PBXGroup;
			children = (
				8CDD631F23C2236400C10C92 /* UtilApp.app */,
			);
			name = Products;
			sourceTree = "<group>";
		};
		8CDD632123C2236400C10C92 /* UtilApp */ = {
			isa = PBXGroup;
			children = (
				8CDD632223C2236400C10C92 /* AppDelegate.swift */,
				8CDD632423C2236400C10C92 /* SceneDelegate.swift */,
				8CDD632623C2236400C10C92 /* ViewController.swift */,
				8CDD632823C2236400C10C92 /* Main.storyboard */,
				8CDD632B23C2236800C10C92 /* Assets.xcassets */,
				8CDD632D23C2236800C10C92 /* LaunchScreen.storyboard */,
				8CDD633023C2236800C10C92 /* Info.plist */,
			);
			path = UtilApp;
			sourceTree = "<group>";
		};
/* End PBXGroup section */

/* Begin PBXNativeTarget section */
		8CDD631E23C2236400C10C92 /* UtilApp */ = {
			isa = PBXNativeTarget;
			buildConfigurationList = 8CDD633323C2236800C10C92 /* Build configuration list for PBXNativeTarget "UtilApp" */;
			buildPhases = (
				8CDD631B23C2236400C10C92 /* Sources */,
				8CDD631C23C2236400C10C92 /* Frameworks */,
				8CDD631D23C2236400C10C92 /* Resources */,
				8CDD635B23C22D0500C10C92 /* Embed Frameworks */,
			);
			buildRules = (
			);
			dependencies = (
			);
			name = UtilApp;
			productName = UtilApp;
			productReference = 8CDD631F23C2236400C10C92 /* UtilApp.app */;
			productType = "com.apple.product-type.application";
		};
/* End PBXNativeTarget section */

/* Begin PBXProject section */
		8CDD631723C2236400C10C92 /* Project object */ = {
			isa = PBXProject;
			attributes = {
				LastSwiftUpdateCheck = 1130;
				LastUpgradeCheck = 1130;
				ORGANIZATIONNAME = "Chan-Ho Beak";
				TargetAttributes = {
					8CDD631E23C2236400C10C92 = {
						CreatedOnToolsVersion = 11.3;
					};
				};
			};
			buildConfigurationList = 8CDD631A23C2236400C10C92 /* Build configuration list for PBXProject "UtilApp" */;
			compatibilityVersion = "Xcode 9.3";
			developmentRegion = en;
			hasScannedForEncodings = 0;
			knownRegions = (
				en,
				Base,
			);
			mainGroup = 8CDD631623C2236400C10C92;
			productRefGroup = 8CDD632023C2236400C10C92 /* Products */;
			projectDirPath = "";
			projectRoot = "";
			targets = (
				8CDD631E23C2236400C10C92 /* UtilApp */,
			);
		};
/* End PBXProject section */

/* Begin PBXResourcesBuildPhase section */
		8CDD631D23C2236400C10C92 /* Resources */ = {
			isa = PBXResourcesBuildPhase;
			buildActionMask = 2147483647;
			files = (
				8CDD632F23C2236800C10C92 /* LaunchScreen.storyboard in Resources */,
				8CDD632C23C2236800C10C92 /* Assets.xcassets in Resources */,
				8CDD632A23C2236400C10C92 /* Main.storyboard in Resources */,
			);
			runOnlyForDeploymentPostprocessing = 0;
		};
/* End PBXResourcesBuildPhase section */

/* Begin PBXSourcesBuildPhase section */
		8CDD631B23C2236400C10C92 /* Sources */ = {
			isa = PBXSourcesBuildPhase;
			buildActionMask = 2147483647;
			files = (
				8CDD635623C22BF200C10C92 /* ViewController.swift in Sources */,
				8CDD632323C2236400C10C92 /* AppDelegate.swift in Sources */,
				8CDD632523C2236400C10C92 /* SceneDelegate.swift in Sources */,
			);
			runOnlyForDeploymentPostprocessing = 0;
		};
/* End PBXSourcesBuildPhase section */

/* Begin PBXVariantGroup section */
		8CDD632823C2236400C10C92 /* Main.storyboard */ = {
			isa = PBXVariantGroup;
			children = (
				8CDD632923C2236400C10C92 /* Base */,
			);
			name = Main.storyboard;
			sourceTree = "<group>";
		};
		8CDD632D23C2236800C10C92 /* LaunchScreen.storyboard */ = {
			isa = PBXVariantGroup;
			children = (
				8CDD632E23C2236800C10C92 /* Base */,
			);
			name = LaunchScreen.storyboard;
			sourceTree = "<group>";
		};
/* End PBXVariantGroup section */

/* Begin XCBuildConfiguration section */
		8CDD633123C2236800C10C92 /* Debug */ = {
			isa = XCBuildConfiguration;
			buildSettings = {
				ALWAYS_SEARCH_USER_PATHS = NO;
				CLANG_ANALYZER_NONNULL = YES;
				CLANG_ANALYZER_NUMBER_OBJECT_CONVERSION = YES_AGGRESSIVE;
				CLANG_CXX_LANGUAGE_STANDARD = "gnu++14";
				CLANG_CXX_LIBRARY = "libc++";
				CLANG_ENABLE_MODULES = YES;
				CLANG_ENABLE_OBJC_ARC = YES;
				CLANG_ENABLE_OBJC_WEAK = YES;
				CLANG_WARN_BLOCK_CAPTURE_AUTORELEASING = YES;
				CLANG_WARN_BOOL_CONVERSION = YES;
				CLANG_WARN_COMMA = YES;
				CLANG_WARN_CONSTANT_CONVERSION = YES;
				CLANG_WARN_DEPRECATED_OBJC_IMPLEMENTATIONS = YES;
				CLANG_WARN_DIRECT_OBJC_ISA_USAGE = YES_ERROR;
				CLANG_WARN_DOCUMENTATION_COMMENTS = YES;
				CLANG_WARN_EMPTY_BODY = YES;
				CLANG_WARN_ENUM_CONVERSION = YES;
				CLANG_WARN_INFINITE_RECURSION = YES;
				CLANG_WARN_INT_CONVERSION = YES;
				CLANG_WARN_NON_LITERAL_NULL_CONVERSION = YES;
				CLANG_WARN_OBJC_IMPLICIT_RETAIN_SELF = YES;
				CLANG_WARN_OBJC_LITERAL_CONVERSION = YES;
				CLANG_WARN_OBJC_ROOT_CLASS = YES_ERROR;
				CLANG_WARN_RANGE_LOOP_ANALYSIS = YES;
				CLANG_WARN_STRICT_PROTOTYPES = YES;
				CLANG_WARN_SUSPICIOUS_MOVE = YES;
				CLANG_WARN_UNGUARDED_AVAILABILITY = YES_AGGRESSIVE;
				CLANG_WARN_UNREACHABLE_CODE = YES;
				CLANG_WARN__DUPLICATE_METHOD_MATCH = YES;
				COPY_PHASE_STRIP = NO;
				DEBUG_INFORMATION_FORMAT = dwarf;
				ENABLE_STRICT_OBJC_MSGSEND = YES;
				ENABLE_TESTABILITY = YES;
				GCC_C_LANGUAGE_STANDARD = gnu11;
				GCC_DYNAMIC_NO_PIC = NO;
				GCC_NO_COMMON_BLOCKS = YES;
				GCC_OPTIMIZATION_LEVEL = 0;
				GCC_PREPROCESSOR_DEFINITIONS = (
					"DEBUG=1",
					"$(inherited)",
				);
				GCC_WARN_64_TO_32_BIT_CONVERSION = YES;
				GCC_WARN_ABOUT_RETURN_TYPE = YES_ERROR;
				GCC_WARN_UNDECLARED_SELECTOR = YES;
				GCC_WARN_UNINITIALIZED_AUTOS = YES_AGGRESSIVE;
				GCC_WARN_UNUSED_FUNCTION = YES;
				GCC_WARN_UNUSED_VARIABLE = YES;
				IPHONEOS_DEPLOYMENT_TARGET = 13.2;
				MTL_ENABLE_DEBUG_INFO = INCLUDE_SOURCE;
				MTL_FAST_MATH = YES;
				ONLY_ACTIVE_ARCH = YES;
				SDKROOT = iphoneos;
				SWIFT_ACTIVE_COMPILATION_CONDITIONS = DEBUG;
				SWIFT_OPTIMIZATION_LEVEL = "-Onone";
			};
			name = Debug;
		};
		8CDD633223C2236800C10C92 /* Release */ = {
			isa = XCBuildConfiguration;
			buildSettings = {
				ALWAYS_SEARCH_USER_PATHS = NO;
				CLANG_ANALYZER_NONNULL = YES;
				CLANG_ANALYZER_NUMBER_OBJECT_CONVERSION = YES_AGGRESSIVE;
				CLANG_CXX_LANGUAGE_STANDARD = "gnu++14";
				CLANG_CXX_LIBRARY = "libc++";
				CLANG_ENABLE_MODULES = YES;
				CLANG_ENABLE_OBJC_ARC = YES;
				CLANG_ENABLE_OBJC_WEAK = YES;
				CLANG_WARN_BLOCK_CAPTURE_AUTORELEASING = YES;
				CLANG_WARN_BOOL_CONVERSION = YES;
				CLANG_WARN_COMMA = YES;
				CLANG_WARN_CONSTANT_CONVERSION = YES;
				CLANG_WARN_DEPRECATED_OBJC_IMPLEMENTATIONS = YES;
				CLANG_WARN_DIRECT_OBJC_ISA_USAGE = YES_ERROR;
				CLANG_WARN_DOCUMENTATION_COMMENTS = YES;
				CLANG_WARN_EMPTY_BODY = YES;
				CLANG_WARN_ENUM_CONVERSION = YES;
				CLANG_WARN_INFINITE_RECURSION = YES;
				CLANG_WARN_INT_CONVERSION = YES;
				CLANG_WARN_NON_LITERAL_NULL_CONVERSION = YES;
				CLANG_WARN_OBJC_IMPLICIT_RETAIN_SELF = YES;
				CLANG_WARN_OBJC_LITERAL_CONVERSION = YES;
				CLANG_WARN_OBJC_ROOT_CLASS = YES_ERROR;
				CLANG_WARN_RANGE_LOOP_ANALYSIS = YES;
				CLANG_WARN_STRICT_PROTOTYPES = YES;
				CLANG_WARN_SUSPICIOUS_MOVE = YES;
				CLANG_WARN_UNGUARDED_AVAILABILITY = YES_AGGRESSIVE;
				CLANG_WARN_UNREACHABLE_CODE = YES;
				CLANG_WARN__DUPLICATE_METHOD_MATCH = YES;
				COPY_PHASE_STRIP = NO;
				DEBUG_INFORMATION_FORMAT = "dwarf-with-dsym";
				ENABLE_NS_ASSERTIONS = NO;
				ENABLE_STRICT_OBJC_MSGSEND = YES;
				GCC_C_LANGUAGE_STANDARD = gnu11;
				GCC_NO_COMMON_BLOCKS = YES;
				GCC_WARN_64_TO_32_BIT_CONVERSION = YES;
				GCC_WARN_ABOUT_RETURN_TYPE = YES_ERROR;
				GCC_WARN_UNDECLARED_SELECTOR = YES;
				GCC_WARN_UNINITIALIZED_AUTOS = YES_AGGRESSIVE;
				GCC_WARN_UNUSED_FUNCTION = YES;
				GCC_WARN_UNUSED_VARIABLE = YES;
				IPHONEOS_DEPLOYMENT_TARGET = 13.2;
				MTL_ENABLE_DEBUG_INFO = NO;
				MTL_FAST_MATH = YES;
				SDKROOT = iphoneos;
				SWIFT_COMPILATION_MODE = wholemodule;
				SWIFT_OPTIMIZATION_LEVEL = "-O";
				VALIDATE_PRODUCT = YES;
			};
			name = Release;
		};
		8CDD633423C2236800C10C92 /* Debug */ = {
			isa = XCBuildConfiguration;
			buildSettings = {
				ASSETCATALOG_COMPILER_APPICON_NAME = AppIcon;
				CODE_SIGN_STYLE = Automatic;
				INFOPLIST_FILE = UtilApp/Info.plist;
				LD_RUNPATH_SEARCH_PATHS = (
					"$(inherited)",
					"@executable_path/Frameworks",
					/Users/chanhobaeg/Desktop/IOS/SwiftProject/UtilTest/UtilApp/UtilApp,
				);
				PRODUCT_BUNDLE_IDENTIFIER = Programming.UtilApp;
				PRODUCT_NAME = "$(TARGET_NAME)";
				SWIFT_VERSION = 5.0;
				TARGETED_DEVICE_FAMILY = 1;
			};
			name = Debug;
		};
		8CDD633523C2236800C10C92 /* Release */ = {
			isa = XCBuildConfiguration;
			buildSettings = {
				ASSETCATALOG_COMPILER_APPICON_NAME = AppIcon;
				CODE_SIGN_STYLE = Automatic;
				INFOPLIST_FILE = UtilApp/Info.plist;
				LD_RUNPATH_SEARCH_PATHS = (
					"$(inherited)",
					"@executable_path/Frameworks",
					/Users/chanhobaeg/Desktop/IOS/SwiftProject/UtilTest/UtilApp/UtilApp,
				);
				PRODUCT_BUNDLE_IDENTIFIER = Programming.UtilApp;
				PRODUCT_NAME = "$(TARGET_NAME)";
				SWIFT_VERSION = 5.0;
				TARGETED_DEVICE_FAMILY = 1;
			};
			name = Release;
		};
/* End XCBuildConfiguration section */

/* Begin XCConfigurationList section */
		8CDD631A23C2236400C10C92 /* Build configuration list for PBXProject "UtilApp" */ = {
			isa = XCConfigurationList;
			buildConfigurations = (
				8CDD633123C2236800C10C92 /* Debug */,
				8CDD633223C2236800C10C92 /* Release */,
			);
			defaultConfigurationIsVisible = 0;
			defaultConfigurationName = Release;
		};
		8CDD633323C2236800C10C92 /* Build configuration list for PBXNativeTarget "UtilApp" */ = {
			isa = XCConfigurationList;
			buildConfigurations = (
				8CDD633423C2236800C10C92 /* Debug */,
				8CDD633523C2236800C10C92 /* Release */,
			);
			defaultConfigurationIsVisible = 0;
			defaultConfigurationName = Release;
		};
/* End XCConfigurationList section */
	};
	rootObject = 8CDD631723C2236400C10C92 /* Project object */;
}
